
Microsoft Visual Studio Solution File, Format Version 12.00
# Visual Studio 2013
VisualStudioVersion = 12.0.31101.0
MinimumVisualStudioVersion = 10.0.40219.1
Project("{FAE04EC0-301F-11D3-BF4B-00C04F79EFBC}") = "IM.Server", "IM.Server\IM.Server.csproj", "{7949F1F3-E6B6-49B5-935A-5D91092FF030}"
EndProject
Project("{FAE04EC0-301F-11D3-BF4B-00C04F79EFBC}") = "IM.Core", "IM.Core\IM.Core.csproj", "{5D803944-FF73-464B-BAF8-7AF79591B7A2}"
EndProject
Project("{FAE04EC0-301F-11D3-BF4B-00C04F79EFBC}") = "IM.Client", "IM.Client\IM.Client.csproj", "{BB774ABF-3C27-4520-AA68-761705E775D3}"
EndProject
Global
	GlobalSection(SolutionConfigurationPlatforms) = preSolution
		Debug|Any CPU = Debug|Any CPU
		Release|Any CPU = Release|Any CPU
	EndGlobalSection
	GlobalSection(ProjectConfigurationPlatforms) = postSolution
		{7949F1F3-E6B6-49B5-935A-5D91092FF030}.Debug|Any CPU.ActiveCfg = Debug|Any CPU
		{7949F1F3-E6B6-49B5-935A-5D91092FF030}.Debug|Any CPU.Build.0 = Debug|Any CPU
		{7949F1F3-E6B6-49B5-935A-5D91092FF030}.Release|Any CPU.ActiveCfg = Release|Any CPU
		{7949F1F3-E6B6-49B5-935A-5D91092FF030}.Release|Any CPU.Build.0 = Release|Any CPU
		{5D803944-FF73-464B-BAF8-7AF79591B7A2}.Debug|Any CPU.ActiveCfg = Debug|Any CPU
		{5D803944-FF73-464B-BAF8-7AF79591B7A2}.Debug|Any CPU.Build.0 = Debug|Any CPU
		{5D803944-FF73-464B-BAF8-7AF79591B7A2}.Release|Any CPU.ActiveCfg = Release|Any CPU
		{5D803944-FF73-464B-BAF8-7AF79591B7A2}.Release|Any CPU.Build.0 = Release|Any CPU
		{BB774ABF-3C27-4520-AA68-761705E775D3}.Debug|Any CPU.ActiveCfg = Debug|Any CPU
		{BB774ABF-3C27-4520-AA68-761705E775D3}.Debug|Any CPU.Build.0 = Debug|Any CPU
		{BB774ABF-3C27-4520-AA68-761705E775D3}.Release|Any CPU.ActiveCfg = Release|Any CPU
		{BB774ABF-3C27-4520-AA68-761705E775D3}.Release|Any CPU.Build.0 = Release|Any CPU
	EndGlobalSection
	GlobalSection(SolutionProperties) = preSolution
		HideSolutionNode = FALSE
	EndGlobalSection
EndGlobal
